
Microsoft Visual Studio Solution File, Format Version 12.00
# Visual Studio 15
VisualStudioVersion = 15.0.27428.2015
MinimumVisualStudioVersion = 10.0.40219.1
Project("{FAE04EC0-301F-11D3-BF4B-00C04F79EFBC}") = "Test", "Test\Test.csproj", "{0EAD42CB-2199-4129-9BC0-775DB38024F9}"
EndProject
Project("{FAE04EC0-301F-11D3-BF4B-00C04F79EFBC}") = "TestUnitaire", "TestUnitaire\TestUnitaire.csproj", "{2F376CCD-1EF8-49BB-AAE9-6B8DAC2A45BF}"
EndProject
Global
	GlobalSection(SolutionConfigurationPlatforms) = preSolution
		Debug|Any CPU = Debug|Any CPU
		Release|Any CPU = Release|Any CPU
	EndGlobalSection
	GlobalSection(ProjectConfigurationPlatforms) = postSolution
		{0EAD42CB-2199-4129-9BC0-775DB38024F9}.Debug|Any CPU.ActiveCfg = Debug|Any CPU
		{0EAD42CB-2199-4129-9BC0-775DB38024F9}.Debug|Any CPU.Build.0 = Debug|Any CPU
		{0EAD42CB-2199-4129-9BC0-775DB38024F9}.Release|Any CPU.ActiveCfg = Release|Any CPU
		{0EAD42CB-2199-4129-9BC0-775DB38024F9}.Release|Any CPU.Build.0 = Release|Any CPU
		{2F376CCD-1EF8-49BB-AAE9-6B8DAC2A45BF}.Debug|Any CPU.ActiveCfg = Debug|Any CPU
		{2F376CCD-1EF8-49BB-AAE9-6B8DAC2A45BF}.Debug|Any CPU.Build.0 = Debug|Any CPU
		{2F376CCD-1EF8-49BB-AAE9-6B8DAC2A45BF}.Release|Any CPU.ActiveCfg = Release|Any CPU
		{2F376CCD-1EF8-49BB-AAE9-6B8DAC2A45BF}.Release|Any CPU.Build.0 = Release|Any CPU
	EndGlobalSection
	GlobalSection(SolutionProperties) = preSolution
		HideSolutionNode = FALSE
	EndGlobalSection
	GlobalSection(ExtensibilityGlobals) = postSolution
		SolutionGuid = {F138EAB6-E6AA-499E-875B-38C56AB6AD40}
	EndGlobalSection
EndGlobal
